
Microsoft Visual Studio Solution File, Format Version 12.00
# Visual Studio 14
VisualStudioVersion = 14.0.24720.0
MinimumVisualStudioVersion = 10.0.40219.1
Project("{FAE04EC0-301F-11D3-BF4B-00C04F79EFBC}") = "Fast Bitmap", "Fast Bitmap\Fast Bitmap.csproj", "{294CAA2D-7F51-4B3D-94A5-18F0060A1C26}"
EndProject
Project("{FAE04EC0-301F-11D3-BF4B-00C04F79EFBC}") = "Fast Bitmap Test", "Fast Bitmap Test\Fast Bitmap Test.csproj", "{66C3804E-8D1C-402D-B17D-9BA1899FEB5C}"
EndProject
Global
	GlobalSection(SolutionConfigurationPlatforms) = preSolution
		Debug|Any CPU = Debug|Any CPU
		Release|Any CPU = Release|Any CPU
	EndGlobalSection
	GlobalSection(ProjectConfigurationPlatforms) = postSolution
		{294CAA2D-7F51-4B3D-94A5-18F0060A1C26}.Debug|Any CPU.ActiveCfg = Debug|Any CPU
		{294CAA2D-7F51-4B3D-94A5-18F0060A1C26}.Debug|Any CPU.Build.0 = Debug|Any CPU
		{294CAA2D-7F51-4B3D-94A5-18F0060A1C26}.Release|Any CPU.ActiveCfg = Release|Any CPU
		{294CAA2D-7F51-4B3D-94A5-18F0060A1C26}.Release|Any CPU.Build.0 = Release|Any CPU
		{66C3804E-8D1C-402D-B17D-9BA1899FEB5C}.Debug|Any CPU.ActiveCfg = Debug|Any CPU
		{66C3804E-8D1C-402D-B17D-9BA1899FEB5C}.Debug|Any CPU.Build.0 = Debug|Any CPU
		{66C3804E-8D1C-402D-B17D-9BA1899FEB5C}.Release|Any CPU.ActiveCfg = Release|Any CPU
		{66C3804E-8D1C-402D-B17D-9BA1899FEB5C}.Release|Any CPU.Build.0 = Release|Any CPU
	EndGlobalSection
	GlobalSection(SolutionProperties) = preSolution
		HideSolutionNode = FALSE
	EndGlobalSection
EndGlobal
